{
  "name": "blogpost-cdk-for-development-environment",
  "version": "1.0.0",
  "lockfileVersion": 2,
  "requires": true,
  "packages": {
    "": {
      "version": "1.0.0",
      "hasInstallScript": true,
      "license": "ISC",
      "dependencies": {
        "cdktf-local-docker": "^1.0.0"
      }
    },
    "../cdktf-local-docker": {
      "version": "1.0.0",
      "license": "ISC",
      "dependencies": {
        "@cdktf/provider-external": "^0.0.30",
        "@cdktf/provider-null": "^0.1.67",
        "hashdirectory": "^0.1.0",
        "typescript": "^4.2.4"
      },
      "devDependencies": {
        "@types/node": "^15.0.1",
        "cdktf": "*",
        "constructs": "*"
      },
      "peerDependencies": {
        "cdktf": "^0.3.0",
        "constructs": "^3.3.75"
      }
    },
    "../cdktf-local-docker/node_modules/@cdktf/provider-external": {
      "version": "0.0.30",
      "license": "MPL-2.0",
      "engines": {
        "node": ">= 10.17.0"
      },
      "peerDependencies": {
        "cdktf": "^0.3",
        "constructs": "^3.0.4"
      }
    },
    "../cdktf-local-docker/node_modules/@cdktf/provider-null": {
      "version": "0.1.67",
      "license": "MPL-2.0",
      "engines": {
        "node": ">= 10.17.0"
      },
      "peerDependencies": {
        "cdktf": "^0.3",
        "constructs": "^3.0.4"
      }
    },
    "../cdktf-local-docker/node_modules/@types/node": {
      "version": "15.0.1",
      "dev": true,
      "license": "MIT"
    },
    "../cdktf-local-docker/node_modules/cdktf": {
      "version": "0.3.0",
      "bundleDependencies": [
        "json-stable-stringify"
      ],
      "license": "MPL-2.0",
      "dependencies": {
        "json-stable-stringify": "^1.0.1"
      },
      "peerDependencies": {
        "constructs": "^3.0.0"
      }
    },
    "../cdktf-local-docker/node_modules/cdktf/node_modules/json-stable-stringify": {
      "version": "1.0.1",
      "inBundle": true,
      "license": "MIT",
      "dependencies": {
        "jsonify": "~0.0.0"
      }
    },
    "../cdktf-local-docker/node_modules/cdktf/node_modules/jsonify": {
      "version": "0.0.0",
      "inBundle": true,
      "license": "Public Domain"
    },
    "../cdktf-local-docker/node_modules/constructs": {
      "version": "3.3.75",
      "license": "Apache-2.0",
      "engines": {
        "node": ">= 10.17.0"
      }
    },
    "../cdktf-local-docker/node_modules/hashdirectory": {
      "version": "0.1.0",
      "license": "MIT",
      "dependencies": {
        "q": "^1.0.1"
      }
    },
    "../cdktf-local-docker/node_modules/q": {
      "version": "1.5.1",
      "license": "MIT",
      "engines": {
        "node": ">=0.6.0",
        "teleport": ">=0.2.0"
      }
    },
    "../cdktf-local-docker/node_modules/typescript": {
      "version": "4.2.4",
      "license": "Apache-2.0",
      "bin": {
        "tsc": "bin/tsc",
        "tsserver": "bin/tsserver"
      },
      "engines": {
        "node": ">=4.2.0"
      }
    },
    "node_modules/cdktf-local-docker": {
      "resolved": "../cdktf-local-docker",
      "link": true
    }
  },
  "dependencies": {
    "cdktf-local-docker": {
      "version": "file:../cdktf-local-docker",
      "requires": {
        "@cdktf/provider-external": "^0.0.30",
        "@cdktf/provider-null": "^0.1.67",
        "@types/node": "^15.0.1",
        "cdktf": "*",
        "constructs": "*",
        "hashdirectory": "^0.1.0",
        "typescript": "^4.2.4"
      },
      "dependencies": {
        "@cdktf/provider-external": {
          "version": "0.0.30",
          "requires": {}
        },
        "@cdktf/provider-null": {
          "version": "0.1.67",
          "requires": {}
        },
        "@types/node": {
          "version": "15.0.1",
          "dev": true
        },
        "cdktf": {
          "version": "0.3.0",
          "requires": {
            "json-stable-stringify": "^1.0.1"
          },
          "dependencies": {
            "json-stable-stringify": {
              "version": "1.0.1",
              "bundled": true,
              "requires": {
                "jsonify": "~0.0.0"
              }
            },
            "jsonify": {
              "version": "0.0.0",
              "bundled": true
            }
          }
        },
        "constructs": {
          "version": "3.3.75"
        },
        "hashdirectory": {
          "version": "0.1.0",
          "requires": {
            "q": "^1.0.1"
          }
        },
        "q": {
          "version": "1.5.1"
        },
        "typescript": {
          "version": "4.2.4"
        }
      }
    }
  }
}
